Microsoft Visual Studio Solution File, Format Version 12.00
# Visual Studio Version 17
VisualStudioVersion = 17.5.2.0
MinimumVisualStudioVersion = 10.0.40219.1
Project("{FAE04EC0-301F-11D3-BF4B-00C04F79EFBC}") = "mtls", "mtls.csproj", "{AAF6344C-9B9A-8A15-696A-0DCED03080AE}"
EndProject
Global
	GlobalSection(SolutionConfigurationPlatforms) = preSolution
		Debug|Any CPU = Debug|Any CPU
		Release|Any CPU = Release|Any CPU
	EndGlobalSection
	GlobalSection(ProjectConfigurationPlatforms) = postSolution
		{AAF6344C-9B9A-8A15-696A-0DCED03080AE}.Debug|Any CPU.ActiveCfg = Debug|Any CPU
		{AAF6344C-9B9A-8A15-696A-0DCED03080AE}.Debug|Any CPU.Build.0 = Debug|Any CPU
		{AAF6344C-9B9A-8A15-696A-0DCED03080AE}.Release|Any CPU.ActiveCfg = Release|Any CPU
		{AAF6344C-9B9A-8A15-696A-0DCED03080AE}.Release|Any CPU.Build.0 = Release|Any CPU
	EndGlobalSection
	GlobalSection(SolutionProperties) = preSolution
		HideSolutionNode = FALSE
	EndGlobalSection
	GlobalSection(ExtensibilityGlobals) = postSolution
		SolutionGuid = {D4FE8530-AF0E-47FF-A393-737A9972D9CA}
	EndGlobalSection
EndGlobal
